
Microsoft Visual Studio Solution File, Format Version 12.00
# Visual Studio Version 16
VisualStudioVersion = 16.0.29306.81
MinimumVisualStudioVersion = 10.0.40219.1
Project("{FAE04EC0-301F-11D3-BF4B-00C04F79EFBC}") = "RTS", "RTS.csproj", "{A19F6AD9-393E-4040-AF64-7EB7AE03ADA3}"
EndProject
Global
	GlobalSection(SolutionConfigurationPlatforms) = preSolution
		Debug|Any CPU = Debug|Any CPU
		Release|Any CPU = Release|Any CPU
	EndGlobalSection
	GlobalSection(ProjectConfigurationPlatforms) = postSolution
		{A19F6AD9-393E-4040-AF64-7EB7AE03ADA3}.Debug|Any CPU.ActiveCfg = Debug|Any CPU
		{A19F6AD9-393E-4040-AF64-7EB7AE03ADA3}.Debug|Any CPU.Build.0 = Debug|Any CPU
		{A19F6AD9-393E-4040-AF64-7EB7AE03ADA3}.Release|Any CPU.ActiveCfg = Release|Any CPU
		{A19F6AD9-393E-4040-AF64-7EB7AE03ADA3}.Release|Any CPU.Build.0 = Release|Any CPU
	EndGlobalSection
	GlobalSection(SolutionProperties) = preSolution
		HideSolutionNode = FALSE
	EndGlobalSection
	GlobalSection(ExtensibilityGlobals) = postSolution
		SolutionGuid = {55184F46-04B0-476C-863E-6223ED4DB56B}
	EndGlobalSection
EndGlobal
